PODS:
  - Alamofire (4.9.1)
  - Alamofire-Synchronous (4.0.0):
    - Alamofire (~> 4.0)
  - EasyDi (1.6.1)
  - SwiftyJSON (4.3.0)

DEPENDENCIES:
  - Alamofire-Synchronous (~> 4.0)
  - EasyDi
  - SwiftyJSON (~> 4.0)

SPEC REPOS:
  trunk:
    - Alamofire
    - Alamofire-Synchronous
    - EasyDi
    - SwiftyJSON

SPEC CHECKSUMS:
  Alamofire: 85e8a02c69d6020a0d734f6054870d7ecb75cf18
  Alamofire-Synchronous: eedf1e6e961c3795a63c74990b3f7d9fbfac7e50
  EasyDi: 3d7d4c0d3ad2d78b3ff22d4755590d32945f69cc
  SwiftyJSON: 6faa0040f8b59dead0ee07436cbf76b73c08fd08

PODFILE CHECKSUM: 8219a70bfd314a958a17c0da0a208991a43e909e

COCOAPODS: 1.8.4
